// !$*UTF8*$!
{
	archiveVersion = 1;
	classes = {
	};
	objectVersion = 56;
	objects = {

/* Begin PBXBuildFile section */
		0C55BBEA2C52B07D0082745B /* AppDelegate.swift in Sources */ = {isa = PBXBuildFile; fileRef = 0C55BBE92C52B07D0082745B /* AppDelegate.swift */; };
		0C55BBEC2C52B07D0082745B /* SceneDelegate.swift in Sources */ = {isa = PBXBuildFile; fileRef = 0C55BBEB2C52B07D0082745B /* SceneDelegate.swift */; };
		0C55BBF32C52B07E0082745B /* Assets.xcassets in Resources */ = {isa = PBXBuildFile; fileRef = 0C55BBF22C52B07E0082745B /* Assets.xcassets */; };
		0C55BBF62C52B07E0082745B /* Base in Resources */ = {isa = PBXBuildFile; fileRef = 0C55BBF52C52B07E0082745B /* Base */; };
		0C55BC012C52B07F0082745B /* SpaceXTests.swift in Sources */ = {isa = PBXBuildFile; fileRef = 0C55BC002C52B07F0082745B /* SpaceXTests.swift */; };
		0C55BC0B2C52B07F0082745B /* SpaceXUITests.swift in Sources */ = {isa = PBXBuildFile; fileRef = 0C55BC0A2C52B07F0082745B /* SpaceXUITests.swift */; };
		0C55BC0D2C52B07F0082745B /* SpaceXUITestsLaunchTests.swift in Sources */ = {isa = PBXBuildFile; fileRef = 0C55BC0C2C52B07F0082745B /* SpaceXUITestsLaunchTests.swift */; };
		0CAD60162C53EFAE008F3306 /* UIViewController + Extensions.swift in Sources */ = {isa = PBXBuildFile; fileRef = 0CAD60152C53EFAE008F3306 /* UIViewController + Extensions.swift */; };
		0CAD601F2C540562008F3306 /* UIColor + Extensions.swift in Sources */ = {isa = PBXBuildFile; fileRef = 0CAD601E2C540562008F3306 /* UIColor + Extensions.swift */; };
		0CAD60232C5407DF008F3306 /* UIImageView + Extensions.swift in Sources */ = {isa = PBXBuildFile; fileRef = 0CAD60222C5407DF008F3306 /* UIImageView + Extensions.swift */; };
		0CAD60482C5412D9008F3306 /* UILabel + Extensions.swift in Sources */ = {isa = PBXBuildFile; fileRef = 0CAD60472C5412D9008F3306 /* UILabel + Extensions.swift */; };
		0CB345A02C57C19A00C4F8F6 /* Core.swift in Sources */ = {isa = PBXBuildFile; fileRef = 0CB345962C57C19A00C4F8F6 /* Core.swift */; };
		0CB345A12C57C19A00C4F8F6 /* Crew.swift in Sources */ = {isa = PBXBuildFile; fileRef = 0CB345972C57C19A00C4F8F6 /* Crew.swift */; };
		0CB345A22C57C19A00C4F8F6 /* Fairing.swift in Sources */ = {isa = PBXBuildFile; fileRef = 0CB345982C57C19A00C4F8F6 /* Fairing.swift */; };
		0CB345A32C57C19A00C4F8F6 /* Flickr.swift in Sources */ = {isa = PBXBuildFile; fileRef = 0CB345992C57C19A00C4F8F6 /* Flickr.swift */; };
		0CB345A42C57C19A00C4F8F6 /* LaunchDTO.swift in Sources */ = {isa = PBXBuildFile; fileRef = 0CB3459A2C57C19A00C4F8F6 /* LaunchDTO.swift */; };
		0CB345A52C57C19A00C4F8F6 /* Links.swift in Sources */ = {isa = PBXBuildFile; fileRef = 0CB3459B2C57C19A00C4F8F6 /* Links.swift */; };
		0CB345A62C57C19A00C4F8F6 /* Pagination.swift in Sources */ = {isa = PBXBuildFile; fileRef = 0CB3459C2C57C19A00C4F8F6 /* Pagination.swift */; };
		0CB345A72C57C19A00C4F8F6 /* Patch.swift in Sources */ = {isa = PBXBuildFile; fileRef = 0CB3459D2C57C19A00C4F8F6 /* Patch.swift */; };
		0CB345A82C57C19A00C4F8F6 /* Reddit.swift in Sources */ = {isa = PBXBuildFile; fileRef = 0CB3459E2C57C19A00C4F8F6 /* Reddit.swift */; };
		0CB345AB2C580F0600C4F8F6 /* ApiClient.swift in Sources */ = {isa = PBXBuildFile; fileRef = 0CB345AA2C580F0600C4F8F6 /* ApiClient.swift */; };
		0CB345AD2C580F3000C4F8F6 /* ApiRequestable.swift in Sources */ = {isa = PBXBuildFile; fileRef = 0CB345AC2C580F3000C4F8F6 /* ApiRequestable.swift */; };
		0CB345AF2C5810D700C4F8F6 /* APIError.swift in Sources */ = {isa = PBXBuildFile; fileRef = 0CB345AE2C5810D700C4F8F6 /* APIError.swift */; };
		0CB345B22C58D27200C4F8F6 /* APIParamEncoder.swift in Sources */ = {isa = PBXBuildFile; fileRef = 0CB345B12C58D27200C4F8F6 /* APIParamEncoder.swift */; };
		0CB345D82C58EF0F00C4F8F6 /* MessionsDetailSceneCoordinator.swift in Sources */ = {isa = PBXBuildFile; fileRef = 0CB345C12C58EF0F00C4F8F6 /* MessionsDetailSceneCoordinator.swift */; };
		0CB345D92C58EF0F00C4F8F6 /* MissionsDetailSceneRoot + conformance.swift in Sources */ = {isa = PBXBuildFile; fileRef = 0CB345C32C58EF0F00C4F8F6 /* MissionsDetailSceneRoot + conformance.swift */; };
		0CB345DA2C58EF0F00C4F8F6 /* MissionsDetailSceneRoot + Methods.swift in Sources */ = {isa = PBXBuildFile; fileRef = 0CB345C42C58EF0F00C4F8F6 /* MissionsDetailSceneRoot + Methods.swift */; };
		0CB345DB2C58EF0F00C4F8F6 /* MissionsDetailSceneRoot.swift in Sources */ = {isa = PBXBuildFile; fileRef = 0CB345C52C58EF0F00C4F8F6 /* MissionsDetailSceneRoot.swift */; };
		0CB345DC2C58EF0F00C4F8F6 /* MissionsDetailImageCollectionView + cell.swift in Sources */ = {isa = PBXBuildFile; fileRef = 0CB345C62C58EF0F00C4F8F6 /* MissionsDetailImageCollectionView + cell.swift */; };
		0CB345DD2C58EF0F00C4F8F6 /* MissionsDetailSceneViewModelProtocol.swift in Sources */ = {isa = PBXBuildFile; fileRef = 0CB345C82C58EF0F00C4F8F6 /* MissionsDetailSceneViewModelProtocol.swift */; };
		0CB345DE2C58EF0F00C4F8F6 /* MissionsDetailSceneViewModel.swift in Sources */ = {isa = PBXBuildFile; fileRef = 0CB345C92C58EF0F00C4F8F6 /* MissionsDetailSceneViewModel.swift */; };
		0CB345DF2C58EF0F00C4F8F6 /* MissionListScene + Cell.swift in Sources */ = {isa = PBXBuildFile; fileRef = 0CB345CC2C58EF0F00C4F8F6 /* MissionListScene + Cell.swift */; };
		0CB345E02C58EF0F00C4F8F6 /* MissionsListSceneRoot + conformance.swift in Sources */ = {isa = PBXBuildFile; fileRef = 0CB345CD2C58EF0F00C4F8F6 /* MissionsListSceneRoot + conformance.swift */; };
		0CB345E12C58EF0F00C4F8F6 /* MissionsListSceneRoot + Methods.swift in Sources */ = {isa = PBXBuildFile; fileRef = 0CB345CE2C58EF0F00C4F8F6 /* MissionsListSceneRoot + Methods.swift */; };
		0CB345E22C58EF0F00C4F8F6 /* MissionsListSceneRoot.swift in Sources */ = {isa = PBXBuildFile; fileRef = 0CB345CF2C58EF0F00C4F8F6 /* MissionsListSceneRoot.swift */; };
		0CB345E32C58EF0F00C4F8F6 /* MissionsListSceneViewModelProtocol.swift in Sources */ = {isa = PBXBuildFile; fileRef = 0CB345D12C58EF0F00C4F8F6 /* MissionsListSceneViewModelProtocol.swift */; };
		0CB345E42C58EF0F00C4F8F6 /* MessionsListSceneViewModel.swift in Sources */ = {isa = PBXBuildFile; fileRef = 0CB345D22C58EF0F00C4F8F6 /* MessionsListSceneViewModel.swift */; };
		0CB345E52C58EF0F00C4F8F6 /* LaunchesUIModel.swift in Sources */ = {isa = PBXBuildFile; fileRef = 0CB345D52C58EF0F00C4F8F6 /* LaunchesUIModel.swift */; };
		0CB345EE2C58EF2C00C4F8F6 /* ViewController.Base.Root.swift in Sources */ = {isa = PBXBuildFile; fileRef = 0CB345E62C58EF2C00C4F8F6 /* ViewController.Base.Root.swift */; };
		0CB345EF2C58EF2C00C4F8F6 /* Colors.swift in Sources */ = {isa = PBXBuildFile; fileRef = 0CB345E82C58EF2C00C4F8F6 /* Colors.swift */; };
		0CB345F02C58EF2C00C4F8F6 /* Date.swift in Sources */ = {isa = PBXBuildFile; fileRef = 0CB345E92C58EF2C00C4F8F6 /* Date.swift */; };
		0CB345F12C58EF2C00C4F8F6 /* Fonts.swift in Sources */ = {isa = PBXBuildFile; fileRef = 0CB345EA2C58EF2C00C4F8F6 /* Fonts.swift */; };
		0CB345F22C58EF2C00C4F8F6 /* Icons.swift in Sources */ = {isa = PBXBuildFile; fileRef = 0CB345EB2C58EF2C00C4F8F6 /* Icons.swift */; };
		0CB345F32C58EF2C00C4F8F6 /* RoundRectView.swift in Sources */ = {isa = PBXBuildFile; fileRef = 0CB345EC2C58EF2C00C4F8F6 /* RoundRectView.swift */; };
		0CECF7F12C552C40009BC30E /* Roboto-Black.ttf in Resources */ = {isa = PBXBuildFile; fileRef = 0CAD60392C540B59008F3306 /* Roboto-Black.ttf */; };
		0CECF7F22C552C43009BC30E /* Roboto-BlackItalic.ttf in Resources */ = {isa = PBXBuildFile; fileRef = 0CAD603C2C540B59008F3306 /* Roboto-BlackItalic.ttf */; };
		0CECF7F32C552C45009BC30E /* Roboto-Bold.ttf in Resources */ = {isa = PBXBuildFile; fileRef = 0CAD60402C540B5A008F3306 /* Roboto-Bold.ttf */; };
		0CECF7F42C552C48009BC30E /* Roboto-BoldItalic.ttf in Resources */ = {isa = PBXBuildFile; fileRef = 0CAD603D2C540B59008F3306 /* Roboto-BoldItalic.ttf */; };
		0CECF7F52C552C4A009BC30E /* Roboto-Italic.ttf in Resources */ = {isa = PBXBuildFile; fileRef = 0CAD603B2C540B59008F3306 /* Roboto-Italic.ttf */; };
		0CECF7F62C552C4C009BC30E /* Roboto-Light.ttf in Resources */ = {isa = PBXBuildFile; fileRef = 0CAD60352C540B59008F3306 /* Roboto-Light.ttf */; };
		0CECF7F72C552C4F009BC30E /* Roboto-LightItalic.ttf in Resources */ = {isa = PBXBuildFile; fileRef = 0CAD603F2C540B5A008F3306 /* Roboto-LightItalic.ttf */; };
		0CECF7F82C552C51009BC30E /* Roboto-Medium.ttf in Resources */ = {isa = PBXBuildFile; fileRef = 0CAD60372C540B59008F3306 /* Roboto-Medium.ttf */; };
		0CECF7F92C552C53009BC30E /* Roboto-MediumItalic.ttf in Resources */ = {isa = PBXBuildFile; fileRef = 0CAD60412C540B5A008F3306 /* Roboto-MediumItalic.ttf */; };
		0CECF7FA2C552C56009BC30E /* Roboto-Regular.ttf in Resources */ = {isa = PBXBuildFile; fileRef = 0CAD60382C540B59008F3306 /* Roboto-Regular.ttf */; };
		0CECF8212C56B2B1009BC30E /* HttpClientAPI.swift in Sources */ = {isa = PBXBuildFile; fileRef = 0CECF8202C56B2B1009BC30E /* HttpClientAPI.swift */; };
/* End PBXBuildFile section */

/* Begin PBXContainerItemProxy section */
		0C55BBFD2C52B07F0082745B /* PBXContainerItemProxy */ = {
			isa = PBXContainerItemProxy;
			containerPortal = 0C55BBDE2C52B07D0082745B /* Project object */;
			proxyType = 1;
			remoteGlobalIDString = 0C55BBE52C52B07D0082745B;
			remoteInfo = SpaceX;
		};
		0C55BC072C52B07F0082745B /* PBXContainerItemProxy */ = {
			isa = PBXContainerItemProxy;
			containerPortal = 0C55BBDE2C52B07D0082745B /* Project object */;
			proxyType = 1;
			remoteGlobalIDString = 0C55BBE52C52B07D0082745B;
			remoteInfo = SpaceX;
		};
/* End PBXContainerItemProxy section */

/* Begin PBXFileReference section */
		0C55BBE62C52B07D0082745B /* SpaceX.app */ = {isa = PBXFileReference; explicitFileType = wrapper.application; includeInIndex = 0; path = SpaceX.app; sourceTree = BUILT_PRODUCTS_DIR; };
		0C55BBE92C52B07D0082745B /* AppDelegate.swift */ = {isa = PBXFileReference; lastKnownFileType = sourcecode.swift; path = AppDelegate.swift; sourceTree = "<group>"; };
		0C55BBEB2C52B07D0082745B /* SceneDelegate.swift */ = {isa = PBXFileReference; lastKnownFileType = sourcecode.swift; path = SceneDelegate.swift; sourceTree = "<group>"; };
		0C55BBF22C52B07E0082745B /* Assets.xcassets */ = {isa = PBXFileReference; lastKnownFileType = folder.assetcatalog; path = Assets.xcassets; sourceTree = "<group>"; };
		0C55BBF52C52B07E0082745B /* Base */ = {isa = PBXFileReference; lastKnownFileType = file.storyboard; name = Base; path = Base.lproj/LaunchScreen.storyboard; sourceTree = "<group>"; };
		0C55BBF72C52B07E0082745B /* Info.plist */ = {isa = PBXFileReference; lastKnownFileType = text.plist.xml; path = Info.plist; sourceTree = "<group>"; };
		0C55BBFC2C52B07F0082745B /* SpaceXTests.xctest */ = {isa = PBXFileReference; explicitFileType = wrapper.cfbundle; includeInIndex = 0; path = SpaceXTests.xctest; sourceTree = BUILT_PRODUCTS_DIR; };
		0C55BC002C52B07F0082745B /* SpaceXTests.swift */ = {isa = PBXFileReference; lastKnownFileType = sourcecode.swift; path = SpaceXTests.swift; sourceTree = "<group>"; };
		0C55BC062C52B07F0082745B /* SpaceXUITests.xctest */ = {isa = PBXFileReference; explicitFileType = wrapper.cfbundle; includeInIndex = 0; path = SpaceXUITests.xctest; sourceTree = BUILT_PRODUCTS_DIR; };
		0C55BC0A2C52B07F0082745B /* SpaceXUITests.swift */ = {isa = PBXFileReference; lastKnownFileType = sourcecode.swift; path = SpaceXUITests.swift; sourceTree = "<group>"; };
		0C55BC0C2C52B07F0082745B /* SpaceXUITestsLaunchTests.swift */ = {isa = PBXFileReference; lastKnownFileType = sourcecode.swift; path = SpaceXUITestsLaunchTests.swift; sourceTree = "<group>"; };
		0CAD60152C53EFAE008F3306 /* UIViewController + Extensions.swift */ = {isa = PBXFileReference; lastKnownFileType = sourcecode.swift; path = "UIViewController + Extensions.swift"; sourceTree = "<group>"; };
		0CAD601E2C540562008F3306 /* UIColor + Extensions.swift */ = {isa = PBXFileReference; lastKnownFileType = sourcecode.swift; path = "UIColor + Extensions.swift"; sourceTree = "<group>"; };
		0CAD60222C5407DF008F3306 /* UIImageView + Extensions.swift */ = {isa = PBXFileReference; lastKnownFileType = sourcecode.swift; path = "UIImageView + Extensions.swift"; sourceTree = "<group>"; };
		0CAD60352C540B59008F3306 /* Roboto-Light.ttf */ = {isa = PBXFileReference; lastKnownFileType = file; path = "Roboto-Light.ttf"; sourceTree = "<group>"; };
		0CAD60372C540B59008F3306 /* Roboto-Medium.ttf */ = {isa = PBXFileReference; lastKnownFileType = file; path = "Roboto-Medium.ttf"; sourceTree = "<group>"; };
		0CAD60382C540B59008F3306 /* Roboto-Regular.ttf */ = {isa = PBXFileReference; lastKnownFileType = file; path = "Roboto-Regular.ttf"; sourceTree = "<group>"; };
		0CAD60392C540B59008F3306 /* Roboto-Black.ttf */ = {isa = PBXFileReference; lastKnownFileType = file; path = "Roboto-Black.ttf"; sourceTree = "<group>"; };
		0CAD603B2C540B59008F3306 /* Roboto-Italic.ttf */ = {isa = PBXFileReference; lastKnownFileType = file; path = "Roboto-Italic.ttf"; sourceTree = "<group>"; };
		0CAD603C2C540B59008F3306 /* Roboto-BlackItalic.ttf */ = {isa = PBXFileReference; lastKnownFileType = file; path = "Roboto-BlackItalic.ttf"; sourceTree = "<group>"; };
		0CAD603D2C540B59008F3306 /* Roboto-BoldItalic.ttf */ = {isa = PBXFileReference; lastKnownFileType = file; path = "Roboto-BoldItalic.ttf"; sourceTree = "<group>"; };
		0CAD603F2C540B5A008F3306 /* Roboto-LightItalic.ttf */ = {isa = PBXFileReference; lastKnownFileType = file; path = "Roboto-LightItalic.ttf"; sourceTree = "<group>"; };
		0CAD60402C540B5A008F3306 /* Roboto-Bold.ttf */ = {isa = PBXFileReference; lastKnownFileType = file; path = "Roboto-Bold.ttf"; sourceTree = "<group>"; };
		0CAD60412C540B5A008F3306 /* Roboto-MediumItalic.ttf */ = {isa = PBXFileReference; lastKnownFileType = file; path = "Roboto-MediumItalic.ttf"; sourceTree = "<group>"; };
		0CAD60472C5412D9008F3306 /* UILabel + Extensions.swift */ = {isa = PBXFileReference; lastKnownFileType = sourcecode.swift; path = "UILabel + Extensions.swift"; sourceTree = "<group>"; };
		0CB345962C57C19A00C4F8F6 /* Core.swift */ = {isa = PBXFileReference; fileEncoding = 4; lastKnownFileType = sourcecode.swift; path = Core.swift; sourceTree = "<group>"; };
		0CB345972C57C19A00C4F8F6 /* Crew.swift */ = {isa = PBXFileReference; fileEncoding = 4; lastKnownFileType = sourcecode.swift; path = Crew.swift; sourceTree = "<group>"; };
		0CB345982C57C19A00C4F8F6 /* Fairing.swift */ = {isa = PBXFileReference; fileEncoding = 4; lastKnownFileType = sourcecode.swift; path = Fairing.swift; sourceTree = "<group>"; };
		0CB345992C57C19A00C4F8F6 /* Flickr.swift */ = {isa = PBXFileReference; fileEncoding = 4; lastKnownFileType = sourcecode.swift; path = Flickr.swift; sourceTree = "<group>"; };
		0CB3459A2C57C19A00C4F8F6 /* LaunchDTO.swift */ = {isa = PBXFileReference; fileEncoding = 4; lastKnownFileType = sourcecode.swift; path = LaunchDTO.swift; sourceTree = "<group>"; };
		0CB3459B2C57C19A00C4F8F6 /* Links.swift */ = {isa = PBXFileReference; fileEncoding = 4; lastKnownFileType = sourcecode.swift; path = Links.swift; sourceTree = "<group>"; };
		0CB3459C2C57C19A00C4F8F6 /* Pagination.swift */ = {isa = PBXFileReference; fileEncoding = 4; lastKnownFileType = sourcecode.swift; path = Pagination.swift; sourceTree = "<group>"; };
		0CB3459D2C57C19A00C4F8F6 /* Patch.swift */ = {isa = PBXFileReference; fileEncoding = 4; lastKnownFileType = sourcecode.swift; path = Patch.swift; sourceTree = "<group>"; };
		0CB3459E2C57C19A00C4F8F6 /* Reddit.swift */ = {isa = PBXFileReference; fileEncoding = 4; lastKnownFileType = sourcecode.swift; path = Reddit.swift; sourceTree = "<group>"; };
		0CB345AA2C580F0600C4F8F6 /* ApiClient.swift */ = {isa = PBXFileReference; lastKnownFileType = sourcecode.swift; path = ApiClient.swift; sourceTree = "<group>"; };
		0CB345AC2C580F3000C4F8F6 /* ApiRequestable.swift */ = {isa = PBXFileReference; lastKnownFileType = sourcecode.swift; path = ApiRequestable.swift; sourceTree = "<group>"; };
		0CB345AE2C5810D700C4F8F6 /* APIError.swift */ = {isa = PBXFileReference; lastKnownFileType = sourcecode.swift; path = APIError.swift; sourceTree = "<group>"; };
		0CB345B12C58D27200C4F8F6 /* APIParamEncoder.swift */ = {isa = PBXFileReference; lastKnownFileType = sourcecode.swift; path = APIParamEncoder.swift; sourceTree = "<group>"; };
		0CB345C12C58EF0F00C4F8F6 /* MessionsDetailSceneCoordinator.swift */ = {isa = PBXFileReference; fileEncoding = 4; lastKnownFileType = sourcecode.swift; path = MessionsDetailSceneCoordinator.swift; sourceTree = "<group>"; };
		0CB345C32C58EF0F00C4F8F6 /* MissionsDetailSceneRoot + conformance.swift */ = {isa = PBXFileReference; fileEncoding = 4; lastKnownFileType = sourcecode.swift; path = "MissionsDetailSceneRoot + conformance.swift"; sourceTree = "<group>"; };
		0CB345C42C58EF0F00C4F8F6 /* MissionsDetailSceneRoot + Methods.swift */ = {isa = PBXFileReference; fileEncoding = 4; lastKnownFileType = sourcecode.swift; path = "MissionsDetailSceneRoot + Methods.swift"; sourceTree = "<group>"; };
		0CB345C52C58EF0F00C4F8F6 /* MissionsDetailSceneRoot.swift */ = {isa = PBXFileReference; fileEncoding = 4; lastKnownFileType = sourcecode.swift; path = MissionsDetailSceneRoot.swift; sourceTree = "<group>"; };
		0CB345C62C58EF0F00C4F8F6 /* MissionsDetailImageCollectionView + cell.swift */ = {isa = PBXFileReference; fileEncoding = 4; lastKnownFileType = sourcecode.swift; path = "MissionsDetailImageCollectionView + cell.swift"; sourceTree = "<group>"; };
		0CB345C82C58EF0F00C4F8F6 /* MissionsDetailSceneViewModelProtocol.swift */ = {isa = PBXFileReference; fileEncoding = 4; lastKnownFileType = sourcecode.swift; path = MissionsDetailSceneViewModelProtocol.swift; sourceTree = "<group>"; };
		0CB345C92C58EF0F00C4F8F6 /* MissionsDetailSceneViewModel.swift */ = {isa = PBXFileReference; fileEncoding = 4; lastKnownFileType = sourcecode.swift; path = MissionsDetailSceneViewModel.swift; sourceTree = "<group>"; };
		0CB345CC2C58EF0F00C4F8F6 /* MissionListScene + Cell.swift */ = {isa = PBXFileReference; fileEncoding = 4; lastKnownFileType = sourcecode.swift; path = "MissionListScene + Cell.swift"; sourceTree = "<group>"; };
		0CB345CD2C58EF0F00C4F8F6 /* MissionsListSceneRoot + conformance.swift */ = {isa = PBXFileReference; fileEncoding = 4; lastKnownFileType = sourcecode.swift; path = "MissionsListSceneRoot + conformance.swift"; sourceTree = "<group>"; };
		0CB345CE2C58EF0F00C4F8F6 /* MissionsListSceneRoot + Methods.swift */ = {isa = PBXFileReference; fileEncoding = 4; lastKnownFileType = sourcecode.swift; path = "MissionsListSceneRoot + Methods.swift"; sourceTree = "<group>"; };
		0CB345CF2C58EF0F00C4F8F6 /* MissionsListSceneRoot.swift */ = {isa = PBXFileReference; fileEncoding = 4; lastKnownFileType = sourcecode.swift; path = MissionsListSceneRoot.swift; sourceTree = "<group>"; };
		0CB345D12C58EF0F00C4F8F6 /* MissionsListSceneViewModelProtocol.swift */ = {isa = PBXFileReference; fileEncoding = 4; lastKnownFileType = sourcecode.swift; path = MissionsListSceneViewModelProtocol.swift; sourceTree = "<group>"; };
		0CB345D22C58EF0F00C4F8F6 /* MessionsListSceneViewModel.swift */ = {isa = PBXFileReference; fileEncoding = 4; lastKnownFileType = sourcecode.swift; path = MessionsListSceneViewModel.swift; sourceTree = "<group>"; };
		0CB345D52C58EF0F00C4F8F6 /* LaunchesUIModel.swift */ = {isa = PBXFileReference; fileEncoding = 4; lastKnownFileType = sourcecode.swift; path = LaunchesUIModel.swift; sourceTree = "<group>"; };
		0CB345E62C58EF2C00C4F8F6 /* ViewController.Base.Root.swift */ = {isa = PBXFileReference; fileEncoding = 4; lastKnownFileType = sourcecode.swift; path = ViewController.Base.Root.swift; sourceTree = "<group>"; };
		0CB345E82C58EF2C00C4F8F6 /* Colors.swift */ = {isa = PBXFileReference; fileEncoding = 4; lastKnownFileType = sourcecode.swift; path = Colors.swift; sourceTree = "<group>"; };
		0CB345E92C58EF2C00C4F8F6 /* Date.swift */ = {isa = PBXFileReference; fileEncoding = 4; lastKnownFileType = sourcecode.swift; path = Date.swift; sourceTree = "<group>"; };
		0CB345EA2C58EF2C00C4F8F6 /* Fonts.swift */ = {isa = PBXFileReference; fileEncoding = 4; lastKnownFileType = sourcecode.swift; path = Fonts.swift; sourceTree = "<group>"; };
		0CB345EB2C58EF2C00C4F8F6 /* Icons.swift */ = {isa = PBXFileReference; fileEncoding = 4; lastKnownFileType = sourcecode.swift; path = Icons.swift; sourceTree = "<group>"; };
		0CB345EC2C58EF2C00C4F8F6 /* RoundRectView.swift */ = {isa = PBXFileReference; fileEncoding = 4; lastKnownFileType = sourcecode.swift; path = RoundRectView.swift; sourceTree = "<group>"; };
		0CECF8202C56B2B1009BC30E /* HttpClientAPI.swift */ = {isa = PBXFileReference; lastKnownFileType = sourcecode.swift; path = HttpClientAPI.swift; sourceTree = "<group>"; };
/* End PBXFileReference section */

/* Begin PBXFrameworksBuildPhase section */
		0C55BBE32C52B07D0082745B /* Frameworks */ = {
			isa = PBXFrameworksBuildPhase;
			buildActionMask = 2147483647;
			files = (
			);
			runOnlyForDeploymentPostprocessing = 0;
		};
		0C55BBF92C52B07F0082745B /* Frameworks */ = {
			isa = PBXFrameworksBuildPhase;
			buildActionMask = 2147483647;
			files = (
			);
			runOnlyForDeploymentPostprocessing = 0;
		};
		0C55BC032C52B07F0082745B /* Frameworks */ = {
			isa = PBXFrameworksBuildPhase;
			buildActionMask = 2147483647;
			files = (
			);
			runOnlyForDeploymentPostprocessing = 0;
		};
/* End PBXFrameworksBuildPhase section */

/* Begin PBXGroup section */
		0C55BBDD2C52B07D0082745B = {
			isa = PBXGroup;
			children = (
				0C55BBE82C52B07D0082745B /* SpaceX */,
				0C55BBFF2C52B07F0082745B /* SpaceXTests */,
				0C55BC092C52B07F0082745B /* SpaceXUITests */,
				0C55BBE72C52B07D0082745B /* Products */,
			);
			sourceTree = "<group>";
		};
		0C55BBE72C52B07D0082745B /* Products */ = {
			isa = PBXGroup;
			children = (
				0C55BBE62C52B07D0082745B /* SpaceX.app */,
				0C55BBFC2C52B07F0082745B /* SpaceXTests.xctest */,
				0C55BC062C52B07F0082745B /* SpaceXUITests.xctest */,
			);
			name = Products;
			sourceTree = "<group>";
		};
		0C55BBE82C52B07D0082745B /* SpaceX */ = {
			isa = PBXGroup;
			children = (
				0C55BC1B2C5396100082745B /* Application */,
				0CAD60182C53FA25008F3306 /* Components */,
				0CAD60142C53EF78008F3306 /* Extensions */,
				0C55BC1A2C5396070082745B /* Modules */,
				0C55BC192C52C0220082745B /* Services */,
				0C55BBF72C52B07E0082745B /* Info.plist */,
			);
			path = SpaceX;
			sourceTree = "<group>";
		};
		0C55BBFF2C52B07F0082745B /* SpaceXTests */ = {
			isa = PBXGroup;
			children = (
				0C55BC002C52B07F0082745B /* SpaceXTests.swift */,
			);
			path = SpaceXTests;
			sourceTree = "<group>";
		};
		0C55BC092C52B07F0082745B /* SpaceXUITests */ = {
			isa = PBXGroup;
			children = (
				0C55BC0A2C52B07F0082745B /* SpaceXUITests.swift */,
				0C55BC0C2C52B07F0082745B /* SpaceXUITestsLaunchTests.swift */,
			);
			path = SpaceXUITests;
			sourceTree = "<group>";
		};
		0C55BC192C52C0220082745B /* Services */ = {
			isa = PBXGroup;
			children = (
				0CAD60242C54099A008F3306 /* Network */,
			);
			path = Services;
			sourceTree = "<group>";
		};
		0C55BC1A2C5396070082745B /* Modules */ = {
			isa = PBXGroup;
			children = (
				0CECF8252C57C009009BC30E /* SpacesLaunches */,
			);
			path = Modules;
			sourceTree = "<group>";
		};
		0C55BC1B2C5396100082745B /* Application */ = {
			isa = PBXGroup;
			children = (
				0C55BBE92C52B07D0082745B /* AppDelegate.swift */,
				0C55BBEB2C52B07D0082745B /* SceneDelegate.swift */,
			);
			path = Application;
			sourceTree = "<group>";
		};
		0CAD5FEA2C53993F008F3306 /* Data */ = {
			isa = PBXGroup;
			children = (
				0CB345A92C580ED900C4F8F6 /* Networking */,
				0CB3459F2C57C19A00C4F8F6 /* Models */,
			);
			path = Data;
			sourceTree = "<group>";
		};
		0CAD60142C53EF78008F3306 /* Extensions */ = {
			isa = PBXGroup;
			children = (
				0CAD60152C53EFAE008F3306 /* UIViewController + Extensions.swift */,
				0CAD601E2C540562008F3306 /* UIColor + Extensions.swift */,
				0CAD60222C5407DF008F3306 /* UIImageView + Extensions.swift */,
				0CAD60472C5412D9008F3306 /* UILabel + Extensions.swift */,
			);
			path = Extensions;
			sourceTree = "<group>";
		};
		0CAD60182C53FA25008F3306 /* Components */ = {
			isa = PBXGroup;
			children = (
				0CB345E72C58EF2C00C4F8F6 /* BaseViewController */,
				0CB345ED2C58EF2C00C4F8F6 /* UI */,
				0CAD601B2C53FA4B008F3306 /* Assets */,
			);
			path = Components;
			sourceTree = "<group>";
		};
		0CAD601B2C53FA4B008F3306 /* Assets */ = {
			isa = PBXGroup;
			children = (
				0CAD60322C540A5F008F3306 /* Fonts */,
				0C55BBF22C52B07E0082745B /* Assets.xcassets */,
				0C55BBF42C52B07E0082745B /* LaunchScreen.storyboard */,
			);
			path = Assets;
			sourceTree = "<group>";
		};
		0CAD60242C54099A008F3306 /* Network */ = {
			isa = PBXGroup;
			children = (
				0CECF8202C56B2B1009BC30E /* HttpClientAPI.swift */,
				0CB345AA2C580F0600C4F8F6 /* ApiClient.swift */,
				0CB345AC2C580F3000C4F8F6 /* ApiRequestable.swift */,
				0CB345AE2C5810D700C4F8F6 /* APIError.swift */,
				0CB345B12C58D27200C4F8F6 /* APIParamEncoder.swift */,
			);
			path = Network;
			sourceTree = "<group>";
		};
		0CAD60322C540A5F008F3306 /* Fonts */ = {
			isa = PBXGroup;
			children = (
				0CAD60392C540B59008F3306 /* Roboto-Black.ttf */,
				0CAD603C2C540B59008F3306 /* Roboto-BlackItalic.ttf */,
				0CAD60402C540B5A008F3306 /* Roboto-Bold.ttf */,
				0CAD603D2C540B59008F3306 /* Roboto-BoldItalic.ttf */,
				0CAD603B2C540B59008F3306 /* Roboto-Italic.ttf */,
				0CAD60352C540B59008F3306 /* Roboto-Light.ttf */,
				0CAD603F2C540B5A008F3306 /* Roboto-LightItalic.ttf */,
				0CAD60372C540B59008F3306 /* Roboto-Medium.ttf */,
				0CAD60412C540B5A008F3306 /* Roboto-MediumItalic.ttf */,
				0CAD60382C540B59008F3306 /* Roboto-Regular.ttf */,
			);
			path = Fonts;
			sourceTree = "<group>";
		};
		0CB3459F2C57C19A00C4F8F6 /* Models */ = {
			isa = PBXGroup;
			children = (
				0CB345962C57C19A00C4F8F6 /* Core.swift */,
				0CB345972C57C19A00C4F8F6 /* Crew.swift */,
				0CB345982C57C19A00C4F8F6 /* Fairing.swift */,
				0CB345992C57C19A00C4F8F6 /* Flickr.swift */,
				0CB3459A2C57C19A00C4F8F6 /* LaunchDTO.swift */,
				0CB3459B2C57C19A00C4F8F6 /* Links.swift */,
				0CB3459C2C57C19A00C4F8F6 /* Pagination.swift */,
				0CB3459D2C57C19A00C4F8F6 /* Patch.swift */,
				0CB3459E2C57C19A00C4F8F6 /* Reddit.swift */,
			);
			path = Models;
			sourceTree = "<group>";
		};
		0CB345A92C580ED900C4F8F6 /* Networking */ = {
			isa = PBXGroup;
			children = (
			);
			path = Networking;
			sourceTree = "<group>";
		};
		0CB345C22C58EF0F00C4F8F6 /* Coordinator */ = {
			isa = PBXGroup;
			children = (
				0CB345C12C58EF0F00C4F8F6 /* MessionsDetailSceneCoordinator.swift */,
			);
			path = Coordinator;
			sourceTree = "<group>";
		};
		0CB345C72C58EF0F00C4F8F6 /* View */ = {
			isa = PBXGroup;
			children = (
				0CB345C32C58EF0F00C4F8F6 /* MissionsDetailSceneRoot + conformance.swift */,
				0CB345C42C58EF0F00C4F8F6 /* MissionsDetailSceneRoot + Methods.swift */,
				0CB345C52C58EF0F00C4F8F6 /* MissionsDetailSceneRoot.swift */,
				0CB345C62C58EF0F00C4F8F6 /* MissionsDetailImageCollectionView + cell.swift */,
			);
			path = View;
			sourceTree = "<group>";
		};
		0CB345CA2C58EF0F00C4F8F6 /* ViewModel */ = {
			isa = PBXGroup;
			children = (
				0CB345C82C58EF0F00C4F8F6 /* MissionsDetailSceneViewModelProtocol.swift */,
				0CB345C92C58EF0F00C4F8F6 /* MissionsDetailSceneViewModel.swift */,
			);
			path = ViewModel;
			sourceTree = "<group>";
		};
		0CB345CB2C58EF0F00C4F8F6 /* LaunchesDetailScene */ = {
			isa = PBXGroup;
			children = (
				0CB345C72C58EF0F00C4F8F6 /* View */,
				0CB345CA2C58EF0F00C4F8F6 /* ViewModel */,
			);
			path = LaunchesDetailScene;
			sourceTree = "<group>";
		};
		0CB345D02C58EF0F00C4F8F6 /* View */ = {
			isa = PBXGroup;
			children = (
				0CB345CC2C58EF0F00C4F8F6 /* MissionListScene + Cell.swift */,
				0CB345CD2C58EF0F00C4F8F6 /* MissionsListSceneRoot + conformance.swift */,
				0CB345CE2C58EF0F00C4F8F6 /* MissionsListSceneRoot + Methods.swift */,
				0CB345CF2C58EF0F00C4F8F6 /* MissionsListSceneRoot.swift */,
			);
			path = View;
			sourceTree = "<group>";
		};
		0CB345D32C58EF0F00C4F8F6 /* ViewModel */ = {
			isa = PBXGroup;
			children = (
				0CB345D12C58EF0F00C4F8F6 /* MissionsListSceneViewModelProtocol.swift */,
				0CB345D22C58EF0F00C4F8F6 /* MessionsListSceneViewModel.swift */,
			);
			path = ViewModel;
			sourceTree = "<group>";
		};
		0CB345D42C58EF0F00C4F8F6 /* LaunchesListScene */ = {
			isa = PBXGroup;
			children = (
				0CB345D02C58EF0F00C4F8F6 /* View */,
				0CB345D32C58EF0F00C4F8F6 /* ViewModel */,
			);
			path = LaunchesListScene;
			sourceTree = "<group>";
		};
		0CB345D62C58EF0F00C4F8F6 /* LaunchesUIModel */ = {
			isa = PBXGroup;
			children = (
				0CB345D52C58EF0F00C4F8F6 /* LaunchesUIModel.swift */,
			);
			path = LaunchesUIModel;
			sourceTree = "<group>";
		};
		0CB345D72C58EF0F00C4F8F6 /* Presentation */ = {
			isa = PBXGroup;
			children = (
				0CB345C22C58EF0F00C4F8F6 /* Coordinator */,
				0CB345CB2C58EF0F00C4F8F6 /* LaunchesDetailScene */,
				0CB345D42C58EF0F00C4F8F6 /* LaunchesListScene */,
				0CB345D62C58EF0F00C4F8F6 /* LaunchesUIModel */,
			);
			path = Presentation;
			sourceTree = "<group>";
		};
		0CB345E72C58EF2C00C4F8F6 /* BaseViewController */ = {
			isa = PBXGroup;
			children = (
				0CB345E62C58EF2C00C4F8F6 /* ViewController.Base.Root.swift */,
			);
			path = BaseViewController;
			sourceTree = "<group>";
		};
		0CB345ED2C58EF2C00C4F8F6 /* UI */ = {
			isa = PBXGroup;
			children = (
				0CB345E82C58EF2C00C4F8F6 /* Colors.swift */,
				0CB345E92C58EF2C00C4F8F6 /* Date.swift */,
				0CB345EA2C58EF2C00C4F8F6 /* Fonts.swift */,
				0CB345EB2C58EF2C00C4F8F6 /* Icons.swift */,
				0CB345EC2C58EF2C00C4F8F6 /* RoundRectView.swift */,
			);
			path = UI;
			sourceTree = "<group>";
		};
		0CECF8252C57C009009BC30E /* SpacesLaunches */ = {
			isa = PBXGroup;
			children = (
				0CB345D72C58EF0F00C4F8F6 /* Presentation */,
				0CAD5FEA2C53993F008F3306 /* Data */,
			);
			path = SpacesLaunches;
			sourceTree = "<group>";
		};
/* End PBXGroup section */

/* Begin PBXNativeTarget section */
		0C55BBE52C52B07D0082745B /* SpaceX */ = {
			isa = PBXNativeTarget;
			buildConfigurationList = 0C55BC102C52B07F0082745B /* Build configuration list for PBXNativeTarget "SpaceX" */;
			buildPhases = (
				0C55BBE22C52B07D0082745B /* Sources */,
				0C55BBE32C52B07D0082745B /* Frameworks */,
				0C55BBE42C52B07D0082745B /* Resources */,
			);
			buildRules = (
			);
			dependencies = (
			);
			name = SpaceX;
			productName = SpaceX;
			productReference = 0C55BBE62C52B07D0082745B /* SpaceX.app */;
			productType = "com.apple.product-type.application";
		};
		0C55BBFB2C52B07F0082745B /* SpaceXTests */ = {
			isa = PBXNativeTarget;
			buildConfigurationList = 0C55BC132C52B07F0082745B /* Build configuration list for PBXNativeTarget "SpaceXTests" */;
			buildPhases = (
				0C55BBF82C52B07F0082745B /* Sources */,
				0C55BBF92C52B07F0082745B /* Frameworks */,
				0C55BBFA2C52B07F0082745B /* Resources */,
			);
			buildRules = (
			);
			dependencies = (
				0C55BBFE2C52B07F0082745B /* PBXTargetDependency */,
			);
			name = SpaceXTests;
			productName = SpaceXTests;
			productReference = 0C55BBFC2C52B07F0082745B /* SpaceXTests.xctest */;
			productType = "com.apple.product-type.bundle.unit-test";
		};
		0C55BC052C52B07F0082745B /* SpaceXUITests */ = {
			isa = PBXNativeTarget;
			buildConfigurationList = 0C55BC162C52B07F0082745B /* Build configuration list for PBXNativeTarget "SpaceXUITests" */;
			buildPhases = (
				0C55BC022C52B07F0082745B /* Sources */,
				0C55BC032C52B07F0082745B /* Frameworks */,
				0C55BC042C52B07F0082745B /* Resources */,
			);
			buildRules = (
			);
			dependencies = (
				0C55BC082C52B07F0082745B /* PBXTargetDependency */,
			);
			name = SpaceXUITests;
			productName = SpaceXUITests;
			productReference = 0C55BC062C52B07F0082745B /* SpaceXUITests.xctest */;
			productType = "com.apple.product-type.bundle.ui-testing";
		};
/* End PBXNativeTarget section */

/* Begin PBXProject section */
		0C55BBDE2C52B07D0082745B /* Project object */ = {
			isa = PBXProject;
			attributes = {
				BuildIndependentTargetsInParallel = 1;
				LastSwiftUpdateCheck = 1540;
				LastUpgradeCheck = 1540;
				TargetAttributes = {
					0C55BBE52C52B07D0082745B = {
						CreatedOnToolsVersion = 15.4;
					};
					0C55BBFB2C52B07F0082745B = {
						CreatedOnToolsVersion = 15.4;
						TestTargetID = 0C55BBE52C52B07D0082745B;
					};
					0C55BC052C52B07F0082745B = {
						CreatedOnToolsVersion = 15.4;
						TestTargetID = 0C55BBE52C52B07D0082745B;
					};
				};
			};
			buildConfigurationList = 0C55BBE12C52B07D0082745B /* Build configuration list for PBXProject "SpaceX" */;
			compatibilityVersion = "Xcode 14.0";
			developmentRegion = en;
			hasScannedForEncodings = 0;
			knownRegions = (
				en,
				Base,
			);
			mainGroup = 0C55BBDD2C52B07D0082745B;
			productRefGroup = 0C55BBE72C52B07D0082745B /* Products */;
			projectDirPath = "";
			projectRoot = "";
			targets = (
				0C55BBE52C52B07D0082745B /* SpaceX */,
				0C55BBFB2C52B07F0082745B /* SpaceXTests */,
				0C55BC052C52B07F0082745B /* SpaceXUITests */,
			);
		};
/* End PBXProject section */

/* Begin PBXResourcesBuildPhase section */
		0C55BBE42C52B07D0082745B /* Resources */ = {
			isa = PBXResourcesBuildPhase;
			buildActionMask = 2147483647;
			files = (
				0CECF7F82C552C51009BC30E /* Roboto-Medium.ttf in Resources */,
				0CECF7F42C552C48009BC30E /* Roboto-BoldItalic.ttf in Resources */,
				0C55BBF32C52B07E0082745B /* Assets.xcassets in Resources */,
				0C55BBF62C52B07E0082745B /* Base in Resources */,
				0CECF7F32C552C45009BC30E /* Roboto-Bold.ttf in Resources */,
				0CECF7F52C552C4A009BC30E /* Roboto-Italic.ttf in Resources */,
				0CECF7FA2C552C56009BC30E /* Roboto-Regular.ttf in Resources */,
				0CECF7F72C552C4F009BC30E /* Roboto-LightItalic.ttf in Resources */,
				0CECF7F12C552C40009BC30E /* Roboto-Black.ttf in Resources */,
				0CECF7F62C552C4C009BC30E /* Roboto-Light.ttf in Resources */,
				0CECF7F92C552C53009BC30E /* Roboto-MediumItalic.ttf in Resources */,
				0CECF7F22C552C43009BC30E /* Roboto-BlackItalic.ttf in Resources */,
			);
			runOnlyForDeploymentPostprocessing = 0;
		};
		0C55BBFA2C52B07F0082745B /* Resources */ = {
			isa = PBXResourcesBuildPhase;
			buildActionMask = 2147483647;
			files = (
			);
			runOnlyForDeploymentPostprocessing = 0;
		};
		0C55BC042C52B07F0082745B /* Resources */ = {
			isa = PBXResourcesBuildPhase;
			buildActionMask = 2147483647;
			files = (
			);
			runOnlyForDeploymentPostprocessing = 0;
		};
/* End PBXResourcesBuildPhase section */

/* Begin PBXSourcesBuildPhase section */
		0C55BBE22C52B07D0082745B /* Sources */ = {
			isa = PBXSourcesBuildPhase;
			buildActionMask = 2147483647;
			files = (
				0CB345E02C58EF0F00C4F8F6 /* MissionsListSceneRoot + conformance.swift in Sources */,
				0CB345EF2C58EF2C00C4F8F6 /* Colors.swift in Sources */,
				0CB345A72C57C19A00C4F8F6 /* Patch.swift in Sources */,
				0CB345AD2C580F3000C4F8F6 /* ApiRequestable.swift in Sources */,
				0CB345A82C57C19A00C4F8F6 /* Reddit.swift in Sources */,
				0CB345DF2C58EF0F00C4F8F6 /* MissionListScene + Cell.swift in Sources */,
				0CECF8212C56B2B1009BC30E /* HttpClientAPI.swift in Sources */,
				0CB345DC2C58EF0F00C4F8F6 /* MissionsDetailImageCollectionView + cell.swift in Sources */,
				0CB345A22C57C19A00C4F8F6 /* Fairing.swift in Sources */,
				0CB345DD2C58EF0F00C4F8F6 /* MissionsDetailSceneViewModelProtocol.swift in Sources */,
				0CB345E42C58EF0F00C4F8F6 /* MessionsListSceneViewModel.swift in Sources */,
				0CB345A62C57C19A00C4F8F6 /* Pagination.swift in Sources */,
				0CB345DB2C58EF0F00C4F8F6 /* MissionsDetailSceneRoot.swift in Sources */,
				0CB345A42C57C19A00C4F8F6 /* LaunchDTO.swift in Sources */,
				0CB345DA2C58EF0F00C4F8F6 /* MissionsDetailSceneRoot + Methods.swift in Sources */,
				0CB345AF2C5810D700C4F8F6 /* APIError.swift in Sources */,
				0CAD60482C5412D9008F3306 /* UILabel + Extensions.swift in Sources */,
				0CB345A12C57C19A00C4F8F6 /* Crew.swift in Sources */,
				0CB345EE2C58EF2C00C4F8F6 /* ViewController.Base.Root.swift in Sources */,
				0CB345D92C58EF0F00C4F8F6 /* MissionsDetailSceneRoot + conformance.swift in Sources */,
				0CAD60232C5407DF008F3306 /* UIImageView + Extensions.swift in Sources */,
				0CB345AB2C580F0600C4F8F6 /* ApiClient.swift in Sources */,
				0CB345E32C58EF0F00C4F8F6 /* MissionsListSceneViewModelProtocol.swift in Sources */,
				0CB345F32C58EF2C00C4F8F6 /* RoundRectView.swift in Sources */,
				0CB345B22C58D27200C4F8F6 /* APIParamEncoder.swift in Sources */,
				0CB345E52C58EF0F00C4F8F6 /* LaunchesUIModel.swift in Sources */,
				0CB345DE2C58EF0F00C4F8F6 /* MissionsDetailSceneViewModel.swift in Sources */,
				0CB345F22C58EF2C00C4F8F6 /* Icons.swift in Sources */,
				0CB345A52C57C19A00C4F8F6 /* Links.swift in Sources */,
				0CB345E12C58EF0F00C4F8F6 /* MissionsListSceneRoot + Methods.swift in Sources */,
				0C55BBEA2C52B07D0082745B /* AppDelegate.swift in Sources */,
				0CB345A02C57C19A00C4F8F6 /* Core.swift in Sources */,
				0CB345E22C58EF0F00C4F8F6 /* MissionsListSceneRoot.swift in Sources */,
				0CB345F02C58EF2C00C4F8F6 /* Date.swift in Sources */,
				0C55BBEC2C52B07D0082745B /* SceneDelegate.swift in Sources */,
				0CB345D82C58EF0F00C4F8F6 /* MessionsDetailSceneCoordinator.swift in Sources */,
				0CAD601F2C540562008F3306 /* UIColor + Extensions.swift in Sources */,
				0CAD60162C53EFAE008F3306 /* UIViewController + Extensions.swift in Sources */,
				0CB345F12C58EF2C00C4F8F6 /* Fonts.swift in Sources */,
				0CB345A32C57C19A00C4F8F6 /* Flickr.swift in Sources */,
			);
			runOnlyForDeploymentPostprocessing = 0;
		};
		0C55BBF82C52B07F0082745B /* Sources */ = {
			isa = PBXSourcesBuildPhase;
			buildActionMask = 2147483647;
			files = (
				0C55BC012C52B07F0082745B /* SpaceXTests.swift in Sources */,
			);
			runOnlyForDeploymentPostprocessing = 0;
		};
		0C55BC022C52B07F0082745B /* Sources */ = {
			isa = PBXSourcesBuildPhase;
			buildActionMask = 2147483647;
			files = (
				0C55BC0D2C52B07F0082745B /* SpaceXUITestsLaunchTests.swift in Sources */,
				0C55BC0B2C52B07F0082745B /* SpaceXUITests.swift in Sources */,
			);
			runOnlyForDeploymentPostprocessing = 0;
		};
/* End PBXSourcesBuildPhase section */

/* Begin PBXTargetDependency section */
		0C55BBFE2C52B07F0082745B /* PBXTargetDependency */ = {
			isa = PBXTargetDependency;
			target = 0C55BBE52C52B07D0082745B /* SpaceX */;
			targetProxy = 0C55BBFD2C52B07F0082745B /* PBXContainerItemProxy */;
		};
		0C55BC082C52B07F0082745B /* PBXTargetDependency */ = {
			isa = PBXTargetDependency;
			target = 0C55BBE52C52B07D0082745B /* SpaceX */;
			targetProxy = 0C55BC072C52B07F0082745B /* PBXContainerItemProxy */;
		};
/* End PBXTargetDependency section */

/* Begin PBXVariantGroup section */
		0C55BBF42C52B07E0082745B /* LaunchScreen.storyboard */ = {
			isa = PBXVariantGroup;
			children = (
				0C55BBF52C52B07E0082745B /* Base */,
			);
			name = LaunchScreen.storyboard;
			sourceTree = "<group>";
		};
/* End PBXVariantGroup section */

/* Begin XCBuildConfiguration section */
		0C55BC0E2C52B07F0082745B /* Debug */ = {
			isa = XCBuildConfiguration;
			buildSettings = {
				ALWAYS_SEARCH_USER_PATHS = NO;
				ASSETCATALOG_COMPILER_GENERATE_SWIFT_ASSET_SYMBOL_EXTENSIONS = YES;
				CLANG_ANALYZER_NONNULL = YES;
				CLANG_ANALYZER_NUMBER_OBJECT_CONVERSION = YES_AGGRESSIVE;
				CLANG_CXX_LANGUAGE_STANDARD = "gnu++20";
				CLANG_ENABLE_MODULES = YES;
				CLANG_ENABLE_OBJC_ARC = YES;
				CLANG_ENABLE_OBJC_WEAK = YES;
				CLANG_WARN_BLOCK_CAPTURE_AUTORELEASING = YES;
				CLANG_WARN_BOOL_CONVERSION = YES;
				CLANG_WARN_COMMA = YES;
				CLANG_WARN_CONSTANT_CONVERSION = YES;
				CLANG_WARN_DEPRECATED_OBJC_IMPLEMENTATIONS = YES;
				CLANG_WARN_DIRECT_OBJC_ISA_USAGE = YES_ERROR;
				CLANG_WARN_DOCUMENTATION_COMMENTS = YES;
				CLANG_WARN_EMPTY_BODY = YES;
				CLANG_WARN_ENUM_CONVERSION = YES;
				CLANG_WARN_INFINITE_RECURSION = YES;
				CLANG_WARN_INT_CONVERSION = YES;
				CLANG_WARN_NON_LITERAL_NULL_CONVERSION = YES;
				CLANG_WARN_OBJC_IMPLICIT_RETAIN_SELF = YES;
				CLANG_WARN_OBJC_LITERAL_CONVERSION = YES;
				CLANG_WARN_OBJC_ROOT_CLASS = YES_ERROR;
				CLANG_WARN_QUOTED_INCLUDE_IN_FRAMEWORK_HEADER = YES;
				CLANG_WARN_RANGE_LOOP_ANALYSIS = YES;
				CLANG_WARN_STRICT_PROTOTYPES = YES;
				CLANG_WARN_SUSPICIOUS_MOVE = YES;
				CLANG_WARN_UNGUARDED_AVAILABILITY = YES_AGGRESSIVE;
				CLANG_WARN_UNREACHABLE_CODE = YES;
				CLANG_WARN__DUPLICATE_METHOD_MATCH = YES;
				COPY_PHASE_STRIP = NO;
				DEBUG_INFORMATION_FORMAT = dwarf;
				ENABLE_STRICT_OBJC_MSGSEND = YES;
				ENABLE_TESTABILITY = YES;
				ENABLE_USER_SCRIPT_SANDBOXING = YES;
				GCC_C_LANGUAGE_STANDARD = gnu17;
				GCC_DYNAMIC_NO_PIC = NO;
				GCC_NO_COMMON_BLOCKS = YES;
				GCC_OPTIMIZATION_LEVEL = 0;
				GCC_PREPROCESSOR_DEFINITIONS = (
					"DEBUG=1",
					"$(inherited)",
				);
				GCC_WARN_64_TO_32_BIT_CONVERSION = YES;
				GCC_WARN_ABOUT_RETURN_TYPE = YES_ERROR;
				GCC_WARN_UNDECLARED_SELECTOR = YES;
				GCC_WARN_UNINITIALIZED_AUTOS = YES_AGGRESSIVE;
				GCC_WARN_UNUSED_FUNCTION = YES;
				GCC_WARN_UNUSED_VARIABLE = YES;
				IPHONEOS_DEPLOYMENT_TARGET = 15.0;
				LOCALIZATION_PREFERS_STRING_CATALOGS = YES;
				MTL_ENABLE_DEBUG_INFO = INCLUDE_SOURCE;
				MTL_FAST_MATH = YES;
				ONLY_ACTIVE_ARCH = YES;
				SDKROOT = iphoneos;
				SWIFT_ACTIVE_COMPILATION_CONDITIONS = "DEBUG $(inherited)";
				SWIFT_OPTIMIZATION_LEVEL = "-Onone";
			};
			name = Debug;
		};
		0C55BC0F2C52B07F0082745B /* Release */ = {
			isa = XCBuildConfiguration;
			buildSettings = {
				ALWAYS_SEARCH_USER_PATHS = NO;
				ASSETCATALOG_COMPILER_GENERATE_SWIFT_ASSET_SYMBOL_EXTENSIONS = YES;
				CLANG_ANALYZER_NONNULL = YES;
				CLANG_ANALYZER_NUMBER_OBJECT_CONVERSION = YES_AGGRESSIVE;
				CLANG_CXX_LANGUAGE_STANDARD = "gnu++20";
				CLANG_ENABLE_MODULES = YES;
				CLANG_ENABLE_OBJC_ARC = YES;
				CLANG_ENABLE_OBJC_WEAK = YES;
				CLANG_WARN_BLOCK_CAPTURE_AUTORELEASING = YES;
				CLANG_WARN_BOOL_CONVERSION = YES;
				CLANG_WARN_COMMA = YES;
				CLANG_WARN_CONSTANT_CONVERSION = YES;
				CLANG_WARN_DEPRECATED_OBJC_IMPLEMENTATIONS = YES;
				CLANG_WARN_DIRECT_OBJC_ISA_USAGE = YES_ERROR;
				CLANG_WARN_DOCUMENTATION_COMMENTS = YES;
				CLANG_WARN_EMPTY_BODY = YES;
				CLANG_WARN_ENUM_CONVERSION = YES;
				CLANG_WARN_INFINITE_RECURSION = YES;
				CLANG_WARN_INT_CONVERSION = YES;
				CLANG_WARN_NON_LITERAL_NULL_CONVERSION = YES;
				CLANG_WARN_OBJC_IMPLICIT_RETAIN_SELF = YES;
				CLANG_WARN_OBJC_LITERAL_CONVERSION = YES;
				CLANG_WARN_OBJC_ROOT_CLASS = YES_ERROR;
				CLANG_WARN_QUOTED_INCLUDE_IN_FRAMEWORK_HEADER = YES;
				CLANG_WARN_RANGE_LOOP_ANALYSIS = YES;
				CLANG_WARN_STRICT_PROTOTYPES = YES;
				CLANG_WARN_SUSPICIOUS_MOVE = YES;
				CLANG_WARN_UNGUARDED_AVAILABILITY = YES_AGGRESSIVE;
				CLANG_WARN_UNREACHABLE_CODE = YES;
				CLANG_WARN__DUPLICATE_METHOD_MATCH = YES;
				COPY_PHASE_STRIP = NO;
				DEBUG_INFORMATION_FORMAT = "dwarf-with-dsym";
				ENABLE_NS_ASSERTIONS = NO;
				ENABLE_STRICT_OBJC_MSGSEND = YES;
				ENABLE_USER_SCRIPT_SANDBOXING = YES;
				GCC_C_LANGUAGE_STANDARD = gnu17;
				GCC_NO_COMMON_BLOCKS = YES;
				GCC_WARN_64_TO_32_BIT_CONVERSION = YES;
				GCC_WARN_ABOUT_RETURN_TYPE = YES_ERROR;
				GCC_WARN_UNDECLARED_SELECTOR = YES;
				GCC_WARN_UNINITIALIZED_AUTOS = YES_AGGRESSIVE;
				GCC_WARN_UNUSED_FUNCTION = YES;
				GCC_WARN_UNUSED_VARIABLE = YES;
				IPHONEOS_DEPLOYMENT_TARGET = 15.0;
				LOCALIZATION_PREFERS_STRING_CATALOGS = YES;
				MTL_ENABLE_DEBUG_INFO = NO;
				MTL_FAST_MATH = YES;
				SDKROOT = iphoneos;
				SWIFT_COMPILATION_MODE = wholemodule;
				VALIDATE_PRODUCT = YES;
			};
			name = Release;
		};
		0C55BC112C52B07F0082745B /* Debug */ = {
			isa = XCBuildConfiguration;
			buildSettings = {
				ASSETCATALOG_COMPILER_APPICON_NAME = AppIcon;
				ASSETCATALOG_COMPILER_GLOBAL_ACCENT_COLOR_NAME = AccentColor;
				CODE_SIGN_STYLE = Automatic;
				CURRENT_PROJECT_VERSION = 1;
				DEVELOPMENT_TEAM = K2J8PYZW38;
				GENERATE_INFOPLIST_FILE = YES;
				INFOPLIST_FILE = SpaceX/Info.plist;
				INFOPLIST_KEY_UIApplicationSupportsIndirectInputEvents = YES;
				INFOPLIST_KEY_UILaunchStoryboardName = LaunchScreen;
				INFOPLIST_KEY_UISupportedInterfaceOrientations = UIInterfaceOrientationPortrait;
				INFOPLIST_KEY_UISupportedInterfaceOrientations_iPad = "UIInterfaceOrientationLandscapeLeft UIInterfaceOrientationLandscapeRight UIInterfaceOrientationPortrait UIInterfaceOrientationPortraitUpsideDown";
				IPHONEOS_DEPLOYMENT_TARGET = 15.0;
				LD_RUNPATH_SEARCH_PATHS = (
					"$(inherited)",
					"@executable_path/Frameworks",
				);
				MARKETING_VERSION = 1.0;
				PRODUCT_BUNDLE_IDENTIFIER = SpaceX.SpaceX;
				PRODUCT_NAME = "$(TARGET_NAME)";
				SUPPORTED_PLATFORMS = "iphoneos iphonesimulator";
				SUPPORTS_MACCATALYST = NO;
				SUPPORTS_MAC_DESIGNED_FOR_IPHONE_IPAD = NO;
				SUPPORTS_XR_DESIGNED_FOR_IPHONE_IPAD = NO;
				SWIFT_EMIT_LOC_STRINGS = YES;
				SWIFT_VERSION = 5.0;
				TARGETED_DEVICE_FAMILY = 1;
			};
			name = Debug;
		};
		0C55BC122C52B07F0082745B /* Release */ = {
			isa = XCBuildConfiguration;
			buildSettings = {
				ASSETCATALOG_COMPILER_APPICON_NAME = AppIcon;
				ASSETCATALOG_COMPILER_GLOBAL_ACCENT_COLOR_NAME = AccentColor;
				CODE_SIGN_STYLE = Automatic;
				CURRENT_PROJECT_VERSION = 1;
				DEVELOPMENT_TEAM = K2J8PYZW38;
				GENERATE_INFOPLIST_FILE = YES;
				INFOPLIST_FILE = SpaceX/Info.plist;
				INFOPLIST_KEY_UIApplicationSupportsIndirectInputEvents = YES;
				INFOPLIST_KEY_UILaunchStoryboardName = LaunchScreen;
				INFOPLIST_KEY_UISupportedInterfaceOrientations = UIInterfaceOrientationPortrait;
				INFOPLIST_KEY_UISupportedInterfaceOrientations_iPad = "UIInterfaceOrientationLandscapeLeft UIInterfaceOrientationLandscapeRight UIInterfaceOrientationPortrait UIInterfaceOrientationPortraitUpsideDown";
				IPHONEOS_DEPLOYMENT_TARGET = 15.0;
				LD_RUNPATH_SEARCH_PATHS = (
					"$(inherited)",
					"@executable_path/Frameworks",
				);
				MARKETING_VERSION = 1.0;
				PRODUCT_BUNDLE_IDENTIFIER = SpaceX.SpaceX;
				PRODUCT_NAME = "$(TARGET_NAME)";
				SUPPORTED_PLATFORMS = "iphoneos iphonesimulator";
				SUPPORTS_MACCATALYST = NO;
				SUPPORTS_MAC_DESIGNED_FOR_IPHONE_IPAD = NO;
				SUPPORTS_XR_DESIGNED_FOR_IPHONE_IPAD = NO;
				SWIFT_EMIT_LOC_STRINGS = YES;
				SWIFT_VERSION = 5.0;
				TARGETED_DEVICE_FAMILY = 1;
			};
			name = Release;
		};
		0C55BC142C52B07F0082745B /* Debug */ = {
			isa = XCBuildConfiguration;
			buildSettings = {
				ALWAYS_EMBED_SWIFT_STANDARD_LIBRARIES = YES;
				BUNDLE_LOADER = "$(TEST_HOST)";
				CODE_SIGN_STYLE = Automatic;
				CURRENT_PROJECT_VERSION = 1;
				DEVELOPMENT_TEAM = K2J8PYZW38;
				GENERATE_INFOPLIST_FILE = YES;
				IPHONEOS_DEPLOYMENT_TARGET = 17.5;
				MARKETING_VERSION = 1.0;
				PRODUCT_BUNDLE_IDENTIFIER = SpaceX.SpaceXTests;
				PRODUCT_NAME = "$(TARGET_NAME)";
				SWIFT_EMIT_LOC_STRINGS = NO;
				SWIFT_VERSION = 5.0;
				TARGETED_DEVICE_FAMILY = "1,2";
				TEST_HOST = "$(BUILT_PRODUCTS_DIR)/SpaceX.app/$(BUNDLE_EXECUTABLE_FOLDER_PATH)/SpaceX";
			};
			name = Debug;
		};
		0C55BC152C52B07F0082745B /* Release */ = {
			isa = XCBuildConfiguration;
			buildSettings = {
				ALWAYS_EMBED_SWIFT_STANDARD_LIBRARIES = YES;
				BUNDLE_LOADER = "$(TEST_HOST)";
				CODE_SIGN_STYLE = Automatic;
				CURRENT_PROJECT_VERSION = 1;
				DEVELOPMENT_TEAM = K2J8PYZW38;
				GENERATE_INFOPLIST_FILE = YES;
				IPHONEOS_DEPLOYMENT_TARGET = 17.5;
				MARKETING_VERSION = 1.0;
				PRODUCT_BUNDLE_IDENTIFIER = SpaceX.SpaceXTests;
				PRODUCT_NAME = "$(TARGET_NAME)";
				SWIFT_EMIT_LOC_STRINGS = NO;
				SWIFT_VERSION = 5.0;
				TARGETED_DEVICE_FAMILY = "1,2";
				TEST_HOST = "$(BUILT_PRODUCTS_DIR)/SpaceX.app/$(BUNDLE_EXECUTABLE_FOLDER_PATH)/SpaceX";
			};
			name = Release;
		};
		0C55BC172C52B07F0082745B /* Debug */ = {
			isa = XCBuildConfiguration;
			buildSettings = {
				ALWAYS_EMBED_SWIFT_STANDARD_LIBRARIES = YES;
				CODE_SIGN_STYLE = Automatic;
				CURRENT_PROJECT_VERSION = 1;
				DEVELOPMENT_TEAM = K2J8PYZW38;
				GENERATE_INFOPLIST_FILE = YES;
				MARKETING_VERSION = 1.0;
				PRODUCT_BUNDLE_IDENTIFIER = SpaceX.SpaceXUITests;
				PRODUCT_NAME = "$(TARGET_NAME)";
				SWIFT_EMIT_LOC_STRINGS = NO;
				SWIFT_VERSION = 5.0;
				TARGETED_DEVICE_FAMILY = "1,2";
				TEST_TARGET_NAME = SpaceX;
			};
			name = Debug;
		};
		0C55BC182C52B07F0082745B /* Release */ = {
			isa = XCBuildConfiguration;
			buildSettings = {
				ALWAYS_EMBED_SWIFT_STANDARD_LIBRARIES = YES;
				CODE_SIGN_STYLE = Automatic;
				CURRENT_PROJECT_VERSION = 1;
				DEVELOPMENT_TEAM = K2J8PYZW38;
				GENERATE_INFOPLIST_FILE = YES;
				MARKETING_VERSION = 1.0;
				PRODUCT_BUNDLE_IDENTIFIER = SpaceX.SpaceXUITests;
				PRODUCT_NAME = "$(TARGET_NAME)";
				SWIFT_EMIT_LOC_STRINGS = NO;
				SWIFT_VERSION = 5.0;
				TARGETED_DEVICE_FAMILY = "1,2";
				TEST_TARGET_NAME = SpaceX;
			};
			name = Release;
		};
/* End XCBuildConfiguration section */

/* Begin XCConfigurationList section */
		0C55BBE12C52B07D0082745B /* Build configuration list for PBXProject "SpaceX" */ = {
			isa = XCConfigurationList;
			buildConfigurations = (
				0C55BC0E2C52B07F0082745B /* Debug */,
				0C55BC0F2C52B07F0082745B /* Release */,
			);
			defaultConfigurationIsVisible = 0;
			defaultConfigurationName = Release;
		};
		0C55BC102C52B07F0082745B /* Build configuration list for PBXNativeTarget "SpaceX" */ = {
			isa = XCConfigurationList;
			buildConfigurations = (
				0C55BC112C52B07F0082745B /* Debug */,
				0C55BC122C52B07F0082745B /* Release */,
			);
			defaultConfigurationIsVisible = 0;
			defaultConfigurationName = Release;
		};
		0C55BC132C52B07F0082745B /* Build configuration list for PBXNativeTarget "SpaceXTests" */ = {
			isa = XCConfigurationList;
			buildConfigurations = (
				0C55BC142C52B07F0082745B /* Debug */,
				0C55BC152C52B07F0082745B /* Release */,
			);
			defaultConfigurationIsVisible = 0;
			defaultConfigurationName = Release;
		};
		0C55BC162C52B07F0082745B /* Build configuration list for PBXNativeTarget "SpaceXUITests" */ = {
			isa = XCConfigurationList;
			buildConfigurations = (
				0C55BC172C52B07F0082745B /* Debug */,
				0C55BC182C52B07F0082745B /* Release */,
			);
			defaultConfigurationIsVisible = 0;
			defaultConfigurationName = Release;
		};
/* End XCConfigurationList section */
	};
	rootObject = 0C55BBDE2C52B07D0082745B /* Project object */;
}
